// !$*UTF8*$!
{
	archiveVersion = 1;
	classes = {
	};
	objectVersion = 46;
	objects = {

/* Begin PBXBuildFile section */
		17345AD3925A1C4DE65DAD6A /* Pods_DeliveryTrackingApp.framework in Frameworks */ = {isa = PBXBuildFile; fileRef = 5C39923B5DFD7EABE4044DE4 /* Pods_DeliveryTrackingApp.framework */; };
		46C3E42C9011935C1F4473CB /* Pods_DeliveryTrackingApp.framework in Frameworks */ = {isa = PBXBuildFile; fileRef = 09B99F2DB3FEB7BB6A279276 /* Pods_DeliveryTrackingApp.framework */; };
		550840861E4D6E9400875860 /* UIConstants.swift in Sources */ = {isa = PBXBuildFile; fileRef = 550840851E4D6E9400875860 /* UIConstants.swift */; };
		550840881E4D701600875860 /* UIHelper.swift in Sources */ = {isa = PBXBuildFile; fileRef = 550840871E4D701600875860 /* UIHelper.swift */; };
		550EE9C91E5CAA09005EE830 /* BigPictureView.swift in Sources */ = {isa = PBXBuildFile; fileRef = 550EE9C81E5CAA09005EE830 /* BigPictureView.swift */; };
		550EE9CB1E5CAA7E005EE830 /* StatsView.swift in Sources */ = {isa = PBXBuildFile; fileRef = 550EE9CA1E5CAA7E005EE830 /* StatsView.swift */; };
		55171A111E4FE0E3005214D0 /* PrimaryButton.swift in Sources */ = {isa = PBXBuildFile; fileRef = 55171A101E4FE0E3005214D0 /* PrimaryButton.swift */; };
		553225621E63CB6900EF9832 /* ClearNavigationItem.swift in Sources */ = {isa = PBXBuildFile; fileRef = 553225611E63CB6900EF9832 /* ClearNavigationItem.swift */; };
		553225641E63CCBD00EF9832 /* ClearNavigationBar.swift in Sources */ = {isa = PBXBuildFile; fileRef = 553225631E63CCBD00EF9832 /* ClearNavigationBar.swift */; };
		553E55FE1E6201F7004A655E /* Test3ViewController.swift in Sources */ = {isa = PBXBuildFile; fileRef = 553E55FD1E6201F7004A655E /* Test3ViewController.swift */; };
		553E56011E620480004A655E /* TestDataSource.swift in Sources */ = {isa = PBXBuildFile; fileRef = 553E56001E620480004A655E /* TestDataSource.swift */; };
		553E56031E6208FD004A655E /* ListTableView.swift in Sources */ = {isa = PBXBuildFile; fileRef = 553E56021E6208FD004A655E /* ListTableView.swift */; };
		553EE81B1E5E7F4600937E72 /* Status.swift in Sources */ = {isa = PBXBuildFile; fileRef = 553EE81A1E5E7F4600937E72 /* Status.swift */; };
		553EE8231E5EB49E00937E72 /* EmptyPackageCell.swift in Sources */ = {isa = PBXBuildFile; fileRef = 553EE8211E5EB49E00937E72 /* EmptyPackageCell.swift */; };
		553EE8241E5EB49E00937E72 /* EmptyPackageCell.xib in Resources */ = {isa = PBXBuildFile; fileRef = 553EE8221E5EB49E00937E72 /* EmptyPackageCell.xib */; };
		553EE8261E5EB82400937E72 /* Test2ViewController.swift in Sources */ = {isa = PBXBuildFile; fileRef = 553EE8251E5EB82400937E72 /* Test2ViewController.swift */; };
		553EE8291E5EB8F900937E72 /* PackageTableView.swift in Sources */ = {isa = PBXBuildFile; fileRef = 553EE8281E5EB8F900937E72 /* PackageTableView.swift */; };
		553EE82B1E5EB90500937E72 /* PackageTableView.xib in Resources */ = {isa = PBXBuildFile; fileRef = 553EE82A1E5EB90500937E72 /* PackageTableView.xib */; };
		554C70511E625B5700188919 /* PackageTableViewCell.swift in Sources */ = {isa = PBXBuildFile; fileRef = 554C704F1E625B5700188919 /* PackageTableViewCell.swift */; };
		554C70521E625B5700188919 /* PackageTableViewCell.xib in Resources */ = {isa = PBXBuildFile; fileRef = 554C70501E625B5700188919 /* PackageTableViewCell.xib */; };
		554C70541E62A02F00188919 /* CenterLinkContent.swift in Sources */ = {isa = PBXBuildFile; fileRef = 554C70531E62A02F00188919 /* CenterLinkContent.swift */; };
		554C70561E62A03E00188919 /* CenterLinkContent.xib in Resources */ = {isa = PBXBuildFile; fileRef = 554C70551E62A03E00188919 /* CenterLinkContent.xib */; };
		554C70631E62B68900188919 /* TextfieldGroupContent.swift in Sources */ = {isa = PBXBuildFile; fileRef = 554C70621E62B68900188919 /* TextfieldGroupContent.swift */; };
		554C70651E62B69F00188919 /* TextfieldGroupContent.xib in Resources */ = {isa = PBXBuildFile; fileRef = 554C70641E62B69F00188919 /* TextfieldGroupContent.xib */; };
		554C70671E62BB9E00188919 /* OptionSelectorContent.xib in Resources */ = {isa = PBXBuildFile; fileRef = 554C70661E62BB9E00188919 /* OptionSelectorContent.xib */; };
		554C70691E62BBB200188919 /* OptionSelectorContent.swift in Sources */ = {isa = PBXBuildFile; fileRef = 554C70681E62BBB200188919 /* OptionSelectorContent.swift */; };
		554C706B1E62BC6E00188919 /* OptionView.swift in Sources */ = {isa = PBXBuildFile; fileRef = 554C706A1E62BC6E00188919 /* OptionView.swift */; };
		554C706D1E62BC8600188919 /* OptionView.xib in Resources */ = {isa = PBXBuildFile; fileRef = 554C706C1E62BC8600188919 /* OptionView.xib */; };
		554C706F1E62CA0500188919 /* ToggleSelectorContent.xib in Resources */ = {isa = PBXBuildFile; fileRef = 554C706E1E62CA0500188919 /* ToggleSelectorContent.xib */; };
		554C70711E62CA2800188919 /* ToggleSelectorContent.swift in Sources */ = {isa = PBXBuildFile; fileRef = 554C70701E62CA2800188919 /* ToggleSelectorContent.swift */; };
		554C70741E6350E200188919 /* TitleGroupContent.swift in Sources */ = {isa = PBXBuildFile; fileRef = 554C70731E6350E200188919 /* TitleGroupContent.swift */; };
		554C70761E63510100188919 /* TitleGroupContent.xib in Resources */ = {isa = PBXBuildFile; fileRef = 554C70751E63510100188919 /* TitleGroupContent.xib */; };
		554C70791E6354EC00188919 /* TitleGroupWithProgressContent.swift in Sources */ = {isa = PBXBuildFile; fileRef = 554C70771E6354EC00188919 /* TitleGroupWithProgressContent.swift */; };
		554C707A1E6354EC00188919 /* TitleGroupWithProgressContent.xib in Resources */ = {isa = PBXBuildFile; fileRef = 554C70781E6354EC00188919 /* TitleGroupWithProgressContent.xib */; };
		554DCF331E5D0EF90069B3A9 /* Statistics.swift in Sources */ = {isa = PBXBuildFile; fileRef = 554DCF321E5D0EF90069B3A9 /* Statistics.swift */; };
		554DCF3A1E5D114F0069B3A9 /* StatsView.xib in Resources */ = {isa = PBXBuildFile; fileRef = 554DCF391E5D114F0069B3A9 /* StatsView.xib */; };
		554DCF3D1E5D311F0069B3A9 /* PackageCellContent.swift in Sources */ = {isa = PBXBuildFile; fileRef = 554DCF3C1E5D311F0069B3A9 /* PackageCellContent.swift */; };
		554DCF3F1E5D312E0069B3A9 /* PackageCellContent.xib in Resources */ = {isa = PBXBuildFile; fileRef = 554DCF3E1E5D312E0069B3A9 /* PackageCellContent.xib */; };
		555EEB2B1E5D61530025E6FE /* StateCard.swift in Sources */ = {isa = PBXBuildFile; fileRef = 555EEB2A1E5D61530025E6FE /* StateCard.swift */; };
		555EEB2D1E5D617B0025E6FE /* StateCard.xib in Resources */ = {isa = PBXBuildFile; fileRef = 555EEB2C1E5D617B0025E6FE /* StateCard.xib */; };
		55A7CD731E5D501E00202408 /* OnboardCardsContent.swift in Sources */ = {isa = PBXBuildFile; fileRef = 55A7CD721E5D501E00202408 /* OnboardCardsContent.swift */; };
		55BB694D1E5D3DB300F5C292 /* Packages.swift in Sources */ = {isa = PBXBuildFile; fileRef = 55BB694C1E5D3DB300F5C292 /* Packages.swift */; };
		55BB69501E5D47A300F5C292 /* OnboardCard.swift in Sources */ = {isa = PBXBuildFile; fileRef = 55BB694F1E5D47A300F5C292 /* OnboardCard.swift */; };
		55BB69521E5D47BB00F5C292 /* OnboardCard.xib in Resources */ = {isa = PBXBuildFile; fileRef = 55BB69511E5D47BB00F5C292 /* OnboardCard.xib */; };
		55BD26F91E50643200F675E5 /* ProgressBar.swift in Sources */ = {isa = PBXBuildFile; fileRef = 55BD26F81E50643200F675E5 /* ProgressBar.swift */; };
		55BD26FB1E51465100F675E5 /* SidewaysSelector.swift in Sources */ = {isa = PBXBuildFile; fileRef = 55BD26FA1E51465100F675E5 /* SidewaysSelector.swift */; };
		55BD26FD1E5146FC00F675E5 /* UnfocusedMapView.swift in Sources */ = {isa = PBXBuildFile; fileRef = 55BD26FC1E5146FC00F675E5 /* UnfocusedMapView.swift */; };
		55BD26FF1E5148F200F675E5 /* APIConstants.swift in Sources */ = {isa = PBXBuildFile; fileRef = 55BD26FE1E5148F200F675E5 /* APIConstants.swift */; };
		55BD27011E515D1A00F675E5 /* mapStyle.json in Resources */ = {isa = PBXBuildFile; fileRef = 55BD27001E515D1A00F675E5 /* mapStyle.json */; };
		55BD27031E5163D800F675E5 /* FocusedMapView.swift in Sources */ = {isa = PBXBuildFile; fileRef = 55BD27021E5163D800F675E5 /* FocusedMapView.swift */; };
		55BD27061E51651900F675E5 /* Map.swift in Sources */ = {isa = PBXBuildFile; fileRef = 55BD27051E51651900F675E5 /* Map.swift */; };
		55BD27091E51684D00F675E5 /* TrailMapLine.swift in Sources */ = {isa = PBXBuildFile; fileRef = 55BD27081E51684D00F675E5 /* TrailMapLine.swift */; };
		55BD270C1E516ED700F675E5 /* MapTrails.swift in Sources */ = {isa = PBXBuildFile; fileRef = 55BD270B1E516ED700F675E5 /* MapTrails.swift */; };
		55DAFE451E5D34E700C5A63B /* Package.swift in Sources */ = {isa = PBXBuildFile; fileRef = 55DAFE441E5D34E700C5A63B /* Package.swift */; };
		55DFEF6D1E4FF03500FDD055 /* LoadingMockButton.swift in Sources */ = {isa = PBXBuildFile; fileRef = 55DFEF6C1E4FF03500FDD055 /* LoadingMockButton.swift */; };
		55DFEF6F1E4FF49B00FDD055 /* SideActionButton.swift in Sources */ = {isa = PBXBuildFile; fileRef = 55DFEF6E1E4FF49B00FDD055 /* SideActionButton.swift */; };
		55DFEF711E50355500FDD055 /* Textfield.swift in Sources */ = {isa = PBXBuildFile; fileRef = 55DFEF701E50355500FDD055 /* Textfield.swift */; };
		55DFEF731E50451000FDD055 /* GradientView.swift in Sources */ = {isa = PBXBuildFile; fileRef = 55DFEF721E50451000FDD055 /* GradientView.swift */; };
		55DFEF751E504AAA00FDD055 /* ShadowView.swift in Sources */ = {isa = PBXBuildFile; fileRef = 55DFEF741E504AAA00FDD055 /* ShadowView.swift */; };
		55F9DD451E4EAA3300D3955C /* ComponentTest.storyboard in Resources */ = {isa = PBXBuildFile; fileRef = 55F9DD441E4EAA3300D3955C /* ComponentTest.storyboard */; };
		55F9DD471E4EAA4E00D3955C /* TestViewController.swift in Sources */ = {isa = PBXBuildFile; fileRef = 55F9DD461E4EAA4E00D3955C /* TestViewController.swift */; };
		55F9DD491E4EAAE500D3955C /* CaptionLabel.swift in Sources */ = {isa = PBXBuildFile; fileRef = 55F9DD481E4EAAE500D3955C /* CaptionLabel.swift */; };
		55F9DD4A1E4EB48C00D3955C /* Montserrat-Bold.otf in Resources */ = {isa = PBXBuildFile; fileRef = 5508408B1E4D71B900875860 /* Montserrat-Bold.otf */; };
		55F9DD4B1E4EB48F00D3955C /* Montserrat-Regular.otf in Resources */ = {isa = PBXBuildFile; fileRef = 5508408A1E4D71B200875860 /* Montserrat-Regular.otf */; };
		55F9DD4D1E4EE22B00D3955C /* BodyLabel.swift in Sources */ = {isa = PBXBuildFile; fileRef = 55F9DD4C1E4EE22B00D3955C /* BodyLabel.swift */; };
		55F9DD4F1E4EE2CB00D3955C /* TitleLabel.swift in Sources */ = {isa = PBXBuildFile; fileRef = 55F9DD4E1E4EE2CB00D3955C /* TitleLabel.swift */; };
		55F9DD511E4EEA1300D3955C /* LinkButton.swift in Sources */ = {isa = PBXBuildFile; fileRef = 55F9DD501E4EEA1300D3955C /* LinkButton.swift */; };
		55F9DD531E4F7E5700D3955C /* FloatingActionButton.swift in Sources */ = {isa = PBXBuildFile; fileRef = 55F9DD521E4F7E5700D3955C /* FloatingActionButton.swift */; };
		7AC3E19F918E4CB9C33D4DCB /* Pods_DeliveryTrackingAppTests.framework in Frameworks */ = {isa = PBXBuildFile; fileRef = 8F4C06185794C19827139D2B /* Pods_DeliveryTrackingAppTests.framework */; };
		8120B2781E4284F300B6499D /* AppDelegate.swift in Sources */ = {isa = PBXBuildFile; fileRef = 8120B2771E4284F300B6499D /* AppDelegate.swift */; };
		8120B27A1E4284F300B6499D /* ViewController.swift in Sources */ = {isa = PBXBuildFile; fileRef = 8120B2791E4284F300B6499D /* ViewController.swift */; };
		8120B27D1E4284F300B6499D /* Main.storyboard in Resources */ = {isa = PBXBuildFile; fileRef = 8120B27B1E4284F300B6499D /* Main.storyboard */; };
		8120B27F1E4284F300B6499D /* Assets.xcassets in Resources */ = {isa = PBXBuildFile; fileRef = 8120B27E1E4284F300B6499D /* Assets.xcassets */; };
		8120B2821E4284F300B6499D /* LaunchScreen.storyboard in Resources */ = {isa = PBXBuildFile; fileRef = 8120B2801E4284F300B6499D /* LaunchScreen.storyboard */; };
		813376971E42BF570005EB79 /* ViewModelReadMe in Resources */ = {isa = PBXBuildFile; fileRef = 813376961E42BF570005EB79 /* ViewModelReadMe */; };
		813376991E42BF8C0005EB79 /* ModelReadMe in Resources */ = {isa = PBXBuildFile; fileRef = 813376981E42BF8C0005EB79 /* ModelReadMe */; };
		8133769E1E42C10D0005EB79 /* RetrieveEasypostData.swift in Sources */ = {isa = PBXBuildFile; fileRef = 8133769D1E42C10D0005EB79 /* RetrieveEasypostData.swift */; };
		813376A01E42C1540005EB79 /* RetrieveEasypostDataTests.swift in Sources */ = {isa = PBXBuildFile; fileRef = 8133769F1E42C1540005EB79 /* RetrieveEasypostDataTests.swift */; };
		81A333AD1E42DF8600219D22 /* InitializeEasypostAPIKey.swift in Sources */ = {isa = PBXBuildFile; fileRef = 81A333AC1E42DF8600219D22 /* InitializeEasypostAPIKey.swift */; };
		81A333AF1E42DFE200219D22 /* InitializeEasypostAPIKeyTests.swift in Sources */ = {isa = PBXBuildFile; fileRef = 81A333AE1E42DFE200219D22 /* InitializeEasypostAPIKeyTests.swift */; };
		81A333B11E42ED6400219D22 /* ParseEasypostDatat.swift in Sources */ = {isa = PBXBuildFile; fileRef = 81A333B01E42ED6400219D22 /* ParseEasypostDatat.swift */; };
		81A333B31E42EDA000219D22 /* DateModifier.swift in Sources */ = {isa = PBXBuildFile; fileRef = 81A333B21E42EDA000219D22 /* DateModifier.swift */; };
		81A333B51E42F67700219D22 /* ParseEasypostDataTests.swift in Sources */ = {isa = PBXBuildFile; fileRef = 81A333B41E42F67700219D22 /* ParseEasypostDataTests.swift */; };
		A56D81434464AC1641C20C4D /* Pods_DeliveryTrackingApp.framework in Frameworks */ = {isa = PBXBuildFile; fileRef = 2CED6879A41B2DED5C57E9FB /* Pods_DeliveryTrackingApp.framework */; };
		A58AD7DB1DAA5A6991D99835 /* Pods_DeliveryTrackingAppTests.framework in Frameworks */ = {isa = PBXBuildFile; fileRef = 69DC8715C47A363C5897CB7A /* Pods_DeliveryTrackingAppTests.framework */; };
		F3082756181CD7A58B5C645F /* Pods_DeliveryTrackingAppTests.framework in Frameworks */ = {isa = PBXBuildFile; fileRef = ED1C313C55B5740567E43610 /* Pods_DeliveryTrackingAppTests.framework */; };
/* End PBXBuildFile section */

/* Begin PBXContainerItemProxy section */
		8120B2891E4284F300B6499D /* PBXContainerItemProxy */ = {
			isa = PBXContainerItemProxy;
			containerPortal = 8120B26C1E4284F300B6499D /* Project object */;
			proxyType = 1;
			remoteGlobalIDString = 8120B2731E4284F300B6499D;
			remoteInfo = DeliveryTrackingApp;
		};
/* End PBXContainerItemProxy section */

/* Begin PBXFileReference section */
		09B99F2DB3FEB7BB6A279276 /* Pods_DeliveryTrackingApp.framework */ = {isa = PBXFileReference; explicitFileType = wrapper.framework; includeInIndex = 0; path = Pods_DeliveryTrackingApp.framework; sourceTree = BUILT_PRODUCTS_DIR; };
		15E6F0B5B3D82FE013DF349D /* Pods-DeliveryTrackingAppTests.debug.xcconfig */ = {isa = PBXFileReference; includeInIndex = 1; lastKnownFileType = text.xcconfig; name = "Pods-DeliveryTrackingAppTests.debug.xcconfig"; path = "Pods/Target Support Files/Pods-DeliveryTrackingAppTests/Pods-DeliveryTrackingAppTests.debug.xcconfig"; sourceTree = "<group>"; };
		272E092199DA5EDC3A6AA18A /* Pods-DeliveryTrackingApp.release.xcconfig */ = {isa = PBXFileReference; includeInIndex = 1; lastKnownFileType = text.xcconfig; name = "Pods-DeliveryTrackingApp.release.xcconfig"; path = "Pods/Target Support Files/Pods-DeliveryTrackingApp/Pods-DeliveryTrackingApp.release.xcconfig"; sourceTree = "<group>"; };
		27801812764B67E6A2E5EB7E /* Pods-DeliveryTrackingApp.release.xcconfig */ = {isa = PBXFileReference; includeInIndex = 1; lastKnownFileType = text.xcconfig; name = "Pods-DeliveryTrackingApp.release.xcconfig"; path = "Pods/Target Support Files/Pods-DeliveryTrackingApp/Pods-DeliveryTrackingApp.release.xcconfig"; sourceTree = "<group>"; };
		2C8DA50C70DB146864F65C66 /* Pods-DeliveryTrackingApp.debug.xcconfig */ = {isa = PBXFileReference; includeInIndex = 1; lastKnownFileType = text.xcconfig; name = "Pods-DeliveryTrackingApp.debug.xcconfig"; path = "Pods/Target Support Files/Pods-DeliveryTrackingApp/Pods-DeliveryTrackingApp.debug.xcconfig"; sourceTree = "<group>"; };
		2CED6879A41B2DED5C57E9FB /* Pods_DeliveryTrackingApp.framework */ = {isa = PBXFileReference; explicitFileType = wrapper.framework; includeInIndex = 0; path = Pods_DeliveryTrackingApp.framework; sourceTree = BUILT_PRODUCTS_DIR; };
		3452C91076D9B54524DC1032 /* Pods-DeliveryTrackingApp.debug.xcconfig */ = {isa = PBXFileReference; includeInIndex = 1; lastKnownFileType = text.xcconfig; name = "Pods-DeliveryTrackingApp.debug.xcconfig"; path = "Pods/Target Support Files/Pods-DeliveryTrackingApp/Pods-DeliveryTrackingApp.debug.xcconfig"; sourceTree = "<group>"; };
		550840851E4D6E9400875860 /* UIConstants.swift */ = {isa = PBXFileReference; fileEncoding = 4; lastKnownFileType = sourcecode.swift; path = UIConstants.swift; sourceTree = "<group>"; };
		550840871E4D701600875860 /* UIHelper.swift */ = {isa = PBXFileReference; fileEncoding = 4; lastKnownFileType = sourcecode.swift; path = UIHelper.swift; sourceTree = "<group>"; };
		5508408A1E4D71B200875860 /* Montserrat-Regular.otf */ = {isa = PBXFileReference; lastKnownFileType = file; path = "Montserrat-Regular.otf"; sourceTree = "<group>"; };
		5508408B1E4D71B900875860 /* Montserrat-Bold.otf */ = {isa = PBXFileReference; lastKnownFileType = file; path = "Montserrat-Bold.otf"; sourceTree = "<group>"; };
		550EE9C81E5CAA09005EE830 /* BigPictureView.swift */ = {isa = PBXFileReference; fileEncoding = 4; lastKnownFileType = sourcecode.swift; path = BigPictureView.swift; sourceTree = "<group>"; };
		550EE9CA1E5CAA7E005EE830 /* StatsView.swift */ = {isa = PBXFileReference; fileEncoding = 4; lastKnownFileType = sourcecode.swift; path = StatsView.swift; sourceTree = "<group>"; };
		55171A101E4FE0E3005214D0 /* PrimaryButton.swift */ = {isa = PBXFileReference; fileEncoding = 4; lastKnownFileType = sourcecode.swift; path = PrimaryButton.swift; sourceTree = "<group>"; };
		553225611E63CB6900EF9832 /* ClearNavigationItem.swift */ = {isa = PBXFileReference; fileEncoding = 4; lastKnownFileType = sourcecode.swift; path = ClearNavigationItem.swift; sourceTree = "<group>"; };
		553225631E63CCBD00EF9832 /* ClearNavigationBar.swift */ = {isa = PBXFileReference; fileEncoding = 4; lastKnownFileType = sourcecode.swift; path = ClearNavigationBar.swift; sourceTree = "<group>"; };
		553E55FD1E6201F7004A655E /* Test3ViewController.swift */ = {isa = PBXFileReference; fileEncoding = 4; lastKnownFileType = sourcecode.swift; path = Test3ViewController.swift; sourceTree = "<group>"; };
		553E56001E620480004A655E /* TestDataSource.swift */ = {isa = PBXFileReference; fileEncoding = 4; lastKnownFileType = sourcecode.swift; path = TestDataSource.swift; sourceTree = "<group>"; };
		553E56021E6208FD004A655E /* ListTableView.swift */ = {isa = PBXFileReference; fileEncoding = 4; lastKnownFileType = sourcecode.swift; path = ListTableView.swift; sourceTree = "<group>"; };
		553EE81A1E5E7F4600937E72 /* Status.swift */ = {isa = PBXFileReference; fileEncoding = 4; lastKnownFileType = sourcecode.swift; path = Status.swift; sourceTree = "<group>"; };
		553EE8211E5EB49E00937E72 /* EmptyPackageCell.swift */ = {isa = PBXFileReference; fileEncoding = 4; lastKnownFileType = sourcecode.swift; path = EmptyPackageCell.swift; sourceTree = "<group>"; };
		553EE8221E5EB49E00937E72 /* EmptyPackageCell.xib */ = {isa = PBXFileReference; fileEncoding = 4; lastKnownFileType = file.xib; path = EmptyPackageCell.xib; sourceTree = "<group>"; };
		553EE8251E5EB82400937E72 /* Test2ViewController.swift */ = {isa = PBXFileReference; fileEncoding = 4; lastKnownFileType = sourcecode.swift; path = Test2ViewController.swift; sourceTree = "<group>"; };
		553EE8281E5EB8F900937E72 /* PackageTableView.swift */ = {isa = PBXFileReference; fileEncoding = 4; lastKnownFileType = sourcecode.swift; path = PackageTableView.swift; sourceTree = "<group>"; };
		553EE82A1E5EB90500937E72 /* PackageTableView.xib */ = {isa = PBXFileReference; fileEncoding = 4; lastKnownFileType = file.xib; path = PackageTableView.xib; sourceTree = "<group>"; };
		554C704F1E625B5700188919 /* PackageTableViewCell.swift */ = {isa = PBXFileReference; fileEncoding = 4; lastKnownFileType = sourcecode.swift; path = PackageTableViewCell.swift; sourceTree = "<group>"; };
		554C70501E625B5700188919 /* PackageTableViewCell.xib */ = {isa = PBXFileReference; fileEncoding = 4; lastKnownFileType = file.xib; path = PackageTableViewCell.xib; sourceTree = "<group>"; };
		554C70531E62A02F00188919 /* CenterLinkContent.swift */ = {isa = PBXFileReference; fileEncoding = 4; lastKnownFileType = sourcecode.swift; path = CenterLinkContent.swift; sourceTree = "<group>"; };
		554C70551E62A03E00188919 /* CenterLinkContent.xib */ = {isa = PBXFileReference; fileEncoding = 4; lastKnownFileType = file.xib; path = CenterLinkContent.xib; sourceTree = "<group>"; };
		554C70621E62B68900188919 /* TextfieldGroupContent.swift */ = {isa = PBXFileReference; fileEncoding = 4; lastKnownFileType = sourcecode.swift; path = TextfieldGroupContent.swift; sourceTree = "<group>"; };
		554C70641E62B69F00188919 /* TextfieldGroupContent.xib */ = {isa = PBXFileReference; fileEncoding = 4; lastKnownFileType = file.xib; path = TextfieldGroupContent.xib; sourceTree = "<group>"; };
		554C70661E62BB9E00188919 /* OptionSelectorContent.xib */ = {isa = PBXFileReference; fileEncoding = 4; lastKnownFileType = file.xib; path = OptionSelectorContent.xib; sourceTree = "<group>"; };
		554C70681E62BBB200188919 /* OptionSelectorContent.swift */ = {isa = PBXFileReference; fileEncoding = 4; lastKnownFileType = sourcecode.swift; path = OptionSelectorContent.swift; sourceTree = "<group>"; };
		554C706A1E62BC6E00188919 /* OptionView.swift */ = {isa = PBXFileReference; fileEncoding = 4; lastKnownFileType = sourcecode.swift; path = OptionView.swift; sourceTree = "<group>"; };
		554C706C1E62BC8600188919 /* OptionView.xib */ = {isa = PBXFileReference; fileEncoding = 4; lastKnownFileType = file.xib; path = OptionView.xib; sourceTree = "<group>"; };
		554C706E1E62CA0500188919 /* ToggleSelectorContent.xib */ = {isa = PBXFileReference; fileEncoding = 4; lastKnownFileType = file.xib; path = ToggleSelectorContent.xib; sourceTree = "<group>"; };
		554C70701E62CA2800188919 /* ToggleSelectorContent.swift */ = {isa = PBXFileReference; fileEncoding = 4; lastKnownFileType = sourcecode.swift; path = ToggleSelectorContent.swift; sourceTree = "<group>"; };
		554C70731E6350E200188919 /* TitleGroupContent.swift */ = {isa = PBXFileReference; fileEncoding = 4; lastKnownFileType = sourcecode.swift; path = TitleGroupContent.swift; sourceTree = "<group>"; };
		554C70751E63510100188919 /* TitleGroupContent.xib */ = {isa = PBXFileReference; fileEncoding = 4; lastKnownFileType = file.xib; path = TitleGroupContent.xib; sourceTree = "<group>"; };
		554C70771E6354EC00188919 /* TitleGroupWithProgressContent.swift */ = {isa = PBXFileReference; fileEncoding = 4; lastKnownFileType = sourcecode.swift; path = TitleGroupWithProgressContent.swift; sourceTree = "<group>"; };
		554C70781E6354EC00188919 /* TitleGroupWithProgressContent.xib */ = {isa = PBXFileReference; fileEncoding = 4; lastKnownFileType = file.xib; path = TitleGroupWithProgressContent.xib; sourceTree = "<group>"; };
		554DCF321E5D0EF90069B3A9 /* Statistics.swift */ = {isa = PBXFileReference; fileEncoding = 4; lastKnownFileType = sourcecode.swift; path = Statistics.swift; sourceTree = "<group>"; };
		554DCF391E5D114F0069B3A9 /* StatsView.xib */ = {isa = PBXFileReference; fileEncoding = 4; lastKnownFileType = file.xib; path = StatsView.xib; sourceTree = "<group>"; };
		554DCF3C1E5D311F0069B3A9 /* PackageCellContent.swift */ = {isa = PBXFileReference; fileEncoding = 4; lastKnownFileType = sourcecode.swift; path = PackageCellContent.swift; sourceTree = "<group>"; };
		554DCF3E1E5D312E0069B3A9 /* PackageCellContent.xib */ = {isa = PBXFileReference; fileEncoding = 4; lastKnownFileType = file.xib; path = PackageCellContent.xib; sourceTree = "<group>"; };
		555EEB2A1E5D61530025E6FE /* StateCard.swift */ = {isa = PBXFileReference; fileEncoding = 4; lastKnownFileType = sourcecode.swift; path = StateCard.swift; sourceTree = "<group>"; };
		555EEB2C1E5D617B0025E6FE /* StateCard.xib */ = {isa = PBXFileReference; fileEncoding = 4; lastKnownFileType = file.xib; path = StateCard.xib; sourceTree = "<group>"; };
		55A7CD721E5D501E00202408 /* OnboardCardsContent.swift */ = {isa = PBXFileReference; fileEncoding = 4; lastKnownFileType = sourcecode.swift; path = OnboardCardsContent.swift; sourceTree = "<group>"; };
		55BB694C1E5D3DB300F5C292 /* Packages.swift */ = {isa = PBXFileReference; fileEncoding = 4; lastKnownFileType = sourcecode.swift; path = Packages.swift; sourceTree = "<group>"; };
		55BB694F1E5D47A300F5C292 /* OnboardCard.swift */ = {isa = PBXFileReference; fileEncoding = 4; lastKnownFileType = sourcecode.swift; path = OnboardCard.swift; sourceTree = "<group>"; };
		55BB69511E5D47BB00F5C292 /* OnboardCard.xib */ = {isa = PBXFileReference; fileEncoding = 4; lastKnownFileType = file.xib; path = OnboardCard.xib; sourceTree = "<group>"; };
		55BD26F81E50643200F675E5 /* ProgressBar.swift */ = {isa = PBXFileReference; fileEncoding = 4; lastKnownFileType = sourcecode.swift; path = ProgressBar.swift; sourceTree = "<group>"; };
		55BD26FA1E51465100F675E5 /* SidewaysSelector.swift */ = {isa = PBXFileReference; fileEncoding = 4; lastKnownFileType = sourcecode.swift; path = SidewaysSelector.swift; sourceTree = "<group>"; };
		55BD26FC1E5146FC00F675E5 /* UnfocusedMapView.swift */ = {isa = PBXFileReference; fileEncoding = 4; lastKnownFileType = sourcecode.swift; path = UnfocusedMapView.swift; sourceTree = "<group>"; };
		55BD26FE1E5148F200F675E5 /* APIConstants.swift */ = {isa = PBXFileReference; fileEncoding = 4; lastKnownFileType = sourcecode.swift; path = APIConstants.swift; sourceTree = "<group>"; };
		55BD27001E515D1A00F675E5 /* mapStyle.json */ = {isa = PBXFileReference; fileEncoding = 4; lastKnownFileType = text.json; path = mapStyle.json; sourceTree = "<group>"; };
		55BD27021E5163D800F675E5 /* FocusedMapView.swift */ = {isa = PBXFileReference; fileEncoding = 4; lastKnownFileType = sourcecode.swift; path = FocusedMapView.swift; sourceTree = "<group>"; };
		55BD27051E51651900F675E5 /* Map.swift */ = {isa = PBXFileReference; fileEncoding = 4; lastKnownFileType = sourcecode.swift; path = Map.swift; sourceTree = "<group>"; };
		55BD27081E51684D00F675E5 /* TrailMapLine.swift */ = {isa = PBXFileReference; fileEncoding = 4; lastKnownFileType = sourcecode.swift; path = TrailMapLine.swift; sourceTree = "<group>"; };
		55BD270B1E516ED700F675E5 /* MapTrails.swift */ = {isa = PBXFileReference; fileEncoding = 4; lastKnownFileType = sourcecode.swift; path = MapTrails.swift; sourceTree = "<group>"; };
		55DAFE441E5D34E700C5A63B /* Package.swift */ = {isa = PBXFileReference; fileEncoding = 4; lastKnownFileType = sourcecode.swift; path = Package.swift; sourceTree = "<group>"; };
		55DFEF6C1E4FF03500FDD055 /* LoadingMockButton.swift */ = {isa = PBXFileReference; fileEncoding = 4; lastKnownFileType = sourcecode.swift; path = LoadingMockButton.swift; sourceTree = "<group>"; };
		55DFEF6E1E4FF49B00FDD055 /* SideActionButton.swift */ = {isa = PBXFileReference; fileEncoding = 4; lastKnownFileType = sourcecode.swift; path = SideActionButton.swift; sourceTree = "<group>"; };
		55DFEF701E50355500FDD055 /* Textfield.swift */ = {isa = PBXFileReference; fileEncoding = 4; lastKnownFileType = sourcecode.swift; path = Textfield.swift; sourceTree = "<group>"; };
		55DFEF721E50451000FDD055 /* GradientView.swift */ = {isa = PBXFileReference; fileEncoding = 4; lastKnownFileType = sourcecode.swift; path = GradientView.swift; sourceTree = "<group>"; };
		55DFEF741E504AAA00FDD055 /* ShadowView.swift */ = {isa = PBXFileReference; fileEncoding = 4; lastKnownFileType = sourcecode.swift; path = ShadowView.swift; sourceTree = "<group>"; };
		55F9DD441E4EAA3300D3955C /* ComponentTest.storyboard */ = {isa = PBXFileReference; fileEncoding = 4; lastKnownFileType = file.storyboard; path = ComponentTest.storyboard; sourceTree = "<group>"; };
		55F9DD461E4EAA4E00D3955C /* TestViewController.swift */ = {isa = PBXFileReference; fileEncoding = 4; lastKnownFileType = sourcecode.swift; path = TestViewController.swift; sourceTree = "<group>"; };
		55F9DD481E4EAAE500D3955C /* CaptionLabel.swift */ = {isa = PBXFileReference; fileEncoding = 4; lastKnownFileType = sourcecode.swift; path = CaptionLabel.swift; sourceTree = "<group>"; };
		55F9DD4C1E4EE22B00D3955C /* BodyLabel.swift */ = {isa = PBXFileReference; fileEncoding = 4; lastKnownFileType = sourcecode.swift; path = BodyLabel.swift; sourceTree = "<group>"; };
		55F9DD4E1E4EE2CB00D3955C /* TitleLabel.swift */ = {isa = PBXFileReference; fileEncoding = 4; lastKnownFileType = sourcecode.swift; path = TitleLabel.swift; sourceTree = "<group>"; };
		55F9DD501E4EEA1300D3955C /* LinkButton.swift */ = {isa = PBXFileReference; fileEncoding = 4; lastKnownFileType = sourcecode.swift; path = LinkButton.swift; sourceTree = "<group>"; };
		55F9DD521E4F7E5700D3955C /* FloatingActionButton.swift */ = {isa = PBXFileReference; fileEncoding = 4; lastKnownFileType = sourcecode.swift; path = FloatingActionButton.swift; sourceTree = "<group>"; };
		5C39923B5DFD7EABE4044DE4 /* Pods_DeliveryTrackingApp.framework */ = {isa = PBXFileReference; explicitFileType = wrapper.framework; includeInIndex = 0; path = Pods_DeliveryTrackingApp.framework; sourceTree = BUILT_PRODUCTS_DIR; };
		64AB75D748992BB0B64C5124 /* Pods-DeliveryTrackingAppTests.debug.xcconfig */ = {isa = PBXFileReference; includeInIndex = 1; lastKnownFileType = text.xcconfig; name = "Pods-DeliveryTrackingAppTests.debug.xcconfig"; path = "Pods/Target Support Files/Pods-DeliveryTrackingAppTests/Pods-DeliveryTrackingAppTests.debug.xcconfig"; sourceTree = "<group>"; };
		69DC8715C47A363C5897CB7A /* Pods_DeliveryTrackingAppTests.framework */ = {isa = PBXFileReference; explicitFileType = wrapper.framework; includeInIndex = 0; path = Pods_DeliveryTrackingAppTests.framework; sourceTree = BUILT_PRODUCTS_DIR; };
		793D5186CFF753E0A168068B /* Pods-DeliveryTrackingAppTests.release.xcconfig */ = {isa = PBXFileReference; includeInIndex = 1; lastKnownFileType = text.xcconfig; name = "Pods-DeliveryTrackingAppTests.release.xcconfig"; path = "Pods/Target Support Files/Pods-DeliveryTrackingAppTests/Pods-DeliveryTrackingAppTests.release.xcconfig"; sourceTree = "<group>"; };
		8120B2741E4284F300B6499D /* DeliveryTrackingApp.app */ = {isa = PBXFileReference; explicitFileType = wrapper.application; includeInIndex = 0; path = DeliveryTrackingApp.app; sourceTree = BUILT_PRODUCTS_DIR; };
		8120B2771E4284F300B6499D /* AppDelegate.swift */ = {isa = PBXFileReference; lastKnownFileType = sourcecode.swift; path = AppDelegate.swift; sourceTree = "<group>"; };
		8120B2791E4284F300B6499D /* ViewController.swift */ = {isa = PBXFileReference; lastKnownFileType = sourcecode.swift; path = ViewController.swift; sourceTree = "<group>"; };
		8120B27C1E4284F300B6499D /* Base */ = {isa = PBXFileReference; lastKnownFileType = file.storyboard; name = Base; path = Base.lproj/Main.storyboard; sourceTree = "<group>"; };
		8120B27E1E4284F300B6499D /* Assets.xcassets */ = {isa = PBXFileReference; lastKnownFileType = folder.assetcatalog; path = Assets.xcassets; sourceTree = "<group>"; };
		8120B2811E4284F300B6499D /* Base */ = {isa = PBXFileReference; lastKnownFileType = file.storyboard; name = Base; path = Base.lproj/LaunchScreen.storyboard; sourceTree = "<group>"; };
		8120B2831E4284F300B6499D /* Info.plist */ = {isa = PBXFileReference; lastKnownFileType = text.plist.xml; path = Info.plist; sourceTree = "<group>"; };
		8120B2881E4284F300B6499D /* DeliveryTrackingAppTests.xctest */ = {isa = PBXFileReference; explicitFileType = wrapper.cfbundle; includeInIndex = 0; path = DeliveryTrackingAppTests.xctest; sourceTree = BUILT_PRODUCTS_DIR; };
		8120B28E1E4284F300B6499D /* Info.plist */ = {isa = PBXFileReference; lastKnownFileType = text.plist.xml; path = Info.plist; sourceTree = "<group>"; };
		813376961E42BF570005EB79 /* ViewModelReadMe */ = {isa = PBXFileReference; fileEncoding = 4; lastKnownFileType = text; path = ViewModelReadMe; sourceTree = "<group>"; };
		813376981E42BF8C0005EB79 /* ModelReadMe */ = {isa = PBXFileReference; fileEncoding = 4; lastKnownFileType = text; path = ModelReadMe; sourceTree = "<group>"; };
		8133769D1E42C10D0005EB79 /* RetrieveEasypostData.swift */ = {isa = PBXFileReference; fileEncoding = 4; lastKnownFileType = sourcecode.swift; path = RetrieveEasypostData.swift; sourceTree = "<group>"; };
		8133769F1E42C1540005EB79 /* RetrieveEasypostDataTests.swift */ = {isa = PBXFileReference; fileEncoding = 4; lastKnownFileType = sourcecode.swift; path = RetrieveEasypostDataTests.swift; sourceTree = "<group>"; };
		81A333AC1E42DF8600219D22 /* InitializeEasypostAPIKey.swift */ = {isa = PBXFileReference; fileEncoding = 4; lastKnownFileType = sourcecode.swift; path = InitializeEasypostAPIKey.swift; sourceTree = "<group>"; };
		81A333AE1E42DFE200219D22 /* InitializeEasypostAPIKeyTests.swift */ = {isa = PBXFileReference; fileEncoding = 4; lastKnownFileType = sourcecode.swift; path = InitializeEasypostAPIKeyTests.swift; sourceTree = "<group>"; };
		81A333B01E42ED6400219D22 /* ParseEasypostDatat.swift */ = {isa = PBXFileReference; fileEncoding = 4; lastKnownFileType = sourcecode.swift; path = ParseEasypostDatat.swift; sourceTree = "<group>"; };
		81A333B21E42EDA000219D22 /* DateModifier.swift */ = {isa = PBXFileReference; fileEncoding = 4; lastKnownFileType = sourcecode.swift; path = DateModifier.swift; sourceTree = "<group>"; };
		81A333B41E42F67700219D22 /* ParseEasypostDataTests.swift */ = {isa = PBXFileReference; fileEncoding = 4; lastKnownFileType = sourcecode.swift; path = ParseEasypostDataTests.swift; sourceTree = "<group>"; };
		8DD2E21F26B841E4F45A19A4 /* Pods-DeliveryTrackingAppTests.release.xcconfig */ = {isa = PBXFileReference; includeInIndex = 1; lastKnownFileType = text.xcconfig; name = "Pods-DeliveryTrackingAppTests.release.xcconfig"; path = "Pods/Target Support Files/Pods-DeliveryTrackingAppTests/Pods-DeliveryTrackingAppTests.release.xcconfig"; sourceTree = "<group>"; };
		8F4C06185794C19827139D2B /* Pods_DeliveryTrackingAppTests.framework */ = {isa = PBXFileReference; explicitFileType = wrapper.framework; includeInIndex = 0; path = Pods_DeliveryTrackingAppTests.framework; sourceTree = BUILT_PRODUCTS_DIR; };
		94E9C0653A09D285F45BEF28 /* Pods-DeliveryTrackingAppTests.debug.xcconfig */ = {isa = PBXFileReference; includeInIndex = 1; lastKnownFileType = text.xcconfig; name = "Pods-DeliveryTrackingAppTests.debug.xcconfig"; path = "Pods/Target Support Files/Pods-DeliveryTrackingAppTests/Pods-DeliveryTrackingAppTests.debug.xcconfig"; sourceTree = "<group>"; };
		A7F8B7EED6612FCAB422A755 /* Pods-DeliveryTrackingAppTests.release.xcconfig */ = {isa = PBXFileReference; includeInIndex = 1; lastKnownFileType = text.xcconfig; name = "Pods-DeliveryTrackingAppTests.release.xcconfig"; path = "Pods/Target Support Files/Pods-DeliveryTrackingAppTests/Pods-DeliveryTrackingAppTests.release.xcconfig"; sourceTree = "<group>"; };
		D94749D87F6E801F686C526A /* Pods-DeliveryTrackingApp.debug.xcconfig */ = {isa = PBXFileReference; includeInIndex = 1; lastKnownFileType = text.xcconfig; name = "Pods-DeliveryTrackingApp.debug.xcconfig"; path = "Pods/Target Support Files/Pods-DeliveryTrackingApp/Pods-DeliveryTrackingApp.debug.xcconfig"; sourceTree = "<group>"; };
		E87089ED73F02F81DED77277 /* Pods-DeliveryTrackingApp.release.xcconfig */ = {isa = PBXFileReference; includeInIndex = 1; lastKnownFileType = text.xcconfig; name = "Pods-DeliveryTrackingApp.release.xcconfig"; path = "Pods/Target Support Files/Pods-DeliveryTrackingApp/Pods-DeliveryTrackingApp.release.xcconfig"; sourceTree = "<group>"; };
		ED1C313C55B5740567E43610 /* Pods_DeliveryTrackingAppTests.framework */ = {isa = PBXFileReference; explicitFileType = wrapper.framework; includeInIndex = 0; path = Pods_DeliveryTrackingAppTests.framework; sourceTree = BUILT_PRODUCTS_DIR; };
/* End PBXFileReference section */

/* Begin PBXFrameworksBuildPhase section */
		8120B2711E4284F300B6499D /* Frameworks */ = {
			isa = PBXFrameworksBuildPhase;
			buildActionMask = 2147483647;
			files = (
				17345AD3925A1C4DE65DAD6A /* Pods_DeliveryTrackingApp.framework in Frameworks */,
				A56D81434464AC1641C20C4D /* Pods_DeliveryTrackingApp.framework in Frameworks */,
				46C3E42C9011935C1F4473CB /* Pods_DeliveryTrackingApp.framework in Frameworks */,
			);
			runOnlyForDeploymentPostprocessing = 0;
		};
		8120B2851E4284F300B6499D /* Frameworks */ = {
			isa = PBXFrameworksBuildPhase;
			buildActionMask = 2147483647;
			files = (
				A58AD7DB1DAA5A6991D99835 /* Pods_DeliveryTrackingAppTests.framework in Frameworks */,
				F3082756181CD7A58B5C645F /* Pods_DeliveryTrackingAppTests.framework in Frameworks */,
				7AC3E19F918E4CB9C33D4DCB /* Pods_DeliveryTrackingAppTests.framework in Frameworks */,
			);
			runOnlyForDeploymentPostprocessing = 0;
		};
/* End PBXFrameworksBuildPhase section */

/* Begin PBXGroup section */
		27E426CF59B1F876CB12E75E /* Pods */ = {
			isa = PBXGroup;
			children = (
				D94749D87F6E801F686C526A /* Pods-DeliveryTrackingApp.debug.xcconfig */,
				94E9C0653A09D285F45BEF28 /* Pods-DeliveryTrackingAppTests.debug.xcconfig */,
				A7F8B7EED6612FCAB422A755 /* Pods-DeliveryTrackingAppTests.release.xcconfig */,
				27801812764B67E6A2E5EB7E /* Pods-DeliveryTrackingApp.release.xcconfig */,
			);
			name = Pods;
			sourceTree = "<group>";
		};
		550840831E4D6E7300875860 /* Components */ = {
			isa = PBXGroup;
			children = (
				553225601E63CB4300EF9832 /* Navigation */,
				553EE8271E5EB8D500937E72 /* TableViews */,
				553EE81C1E5EA1B300937E72 /* Cells */,
				555EEB281E5D60AB0025E6FE /* State Card */,
				55BB694E1E5D478E00F5C292 /* Onboard */,
				554DCF3B1E5D30D50069B3A9 /* Package */,
				554DCF381E5D10E50069B3A9 /* Big Picture */,
				554DCF371E5D10D40069B3A9 /* Input */,
				554DCF361E5D10B60069B3A9 /* Visuals */,
				554DCF351E5D10A80069B3A9 /* Buttons */,
				554DCF341E5D10950069B3A9 /* Labels */,
				55BD27071E5167B800F675E5 /* MapComponents */,
			);
			name = Components;
			sourceTree = "<group>";
		};
		550840841E4D6E7F00875860 /* Constants */ = {
			isa = PBXGroup;
			children = (
				550840851E4D6E9400875860 /* UIConstants.swift */,
				55BD26FE1E5148F200F675E5 /* APIConstants.swift */,
			);
			name = Constants;
			sourceTree = "<group>";
		};
		550840891E4D717E00875860 /* Resources */ = {
			isa = PBXGroup;
			children = (
				5508408B1E4D71B900875860 /* Montserrat-Bold.otf */,
				5508408A1E4D71B200875860 /* Montserrat-Regular.otf */,
				55BD27001E515D1A00F675E5 /* mapStyle.json */,
			);
			name = Resources;
			sourceTree = "<group>";
		};
		55266CC41E4AD4ED006030DA /* Helper */ = {
			isa = PBXGroup;
			children = (
				550840871E4D701600875860 /* UIHelper.swift */,
			);
			name = Helper;
			sourceTree = "<group>";
		};
		553225601E63CB4300EF9832 /* Navigation */ = {
			isa = PBXGroup;
			children = (
				553225611E63CB6900EF9832 /* ClearNavigationItem.swift */,
				553225631E63CCBD00EF9832 /* ClearNavigationBar.swift */,
			);
			name = Navigation;
			sourceTree = "<group>";
		};
		553E55FF1E6203ED004A655E /* Datasources */ = {
			isa = PBXGroup;
			children = (
				553E56001E620480004A655E /* TestDataSource.swift */,
			);
			name = Datasources;
			sourceTree = "<group>";
		};
		553EE81C1E5EA1B300937E72 /* Cells */ = {
			isa = PBXGroup;
			children = (
				554C704F1E625B5700188919 /* PackageTableViewCell.swift */,
				554C70501E625B5700188919 /* PackageTableViewCell.xib */,
				553EE8211E5EB49E00937E72 /* EmptyPackageCell.swift */,
				553EE8221E5EB49E00937E72 /* EmptyPackageCell.xib */,
				554C70531E62A02F00188919 /* CenterLinkContent.swift */,
				554C70551E62A03E00188919 /* CenterLinkContent.xib */,
				554C70621E62B68900188919 /* TextfieldGroupContent.swift */,
				554C70641E62B69F00188919 /* TextfieldGroupContent.xib */,
				554C70661E62BB9E00188919 /* OptionSelectorContent.xib */,
				554C70681E62BBB200188919 /* OptionSelectorContent.swift */,
				554C706E1E62CA0500188919 /* ToggleSelectorContent.xib */,
				554C70701E62CA2800188919 /* ToggleSelectorContent.swift */,
				554C70731E6350E200188919 /* TitleGroupContent.swift */,
				554C70751E63510100188919 /* TitleGroupContent.xib */,
				554C70771E6354EC00188919 /* TitleGroupWithProgressContent.swift */,
				554C70781E6354EC00188919 /* TitleGroupWithProgressContent.xib */,
			);
			name = Cells;
			sourceTree = "<group>";
		};
		553EE8271E5EB8D500937E72 /* TableViews */ = {
			isa = PBXGroup;
			children = (
				553EE8281E5EB8F900937E72 /* PackageTableView.swift */,
				553EE82A1E5EB90500937E72 /* PackageTableView.xib */,
				553E56021E6208FD004A655E /* ListTableView.swift */,
			);
			name = TableViews;
			sourceTree = "<group>";
		};
		554DCF341E5D10950069B3A9 /* Labels */ = {
			isa = PBXGroup;
			children = (
				55F9DD481E4EAAE500D3955C /* CaptionLabel.swift */,
				55F9DD4C1E4EE22B00D3955C /* BodyLabel.swift */,
				55F9DD4E1E4EE2CB00D3955C /* TitleLabel.swift */,
			);
			name = Labels;
			sourceTree = "<group>";
		};
		554DCF351E5D10A80069B3A9 /* Buttons */ = {
			isa = PBXGroup;
			children = (
				55DFEF6E1E4FF49B00FDD055 /* SideActionButton.swift */,
				55F9DD501E4EEA1300D3955C /* LinkButton.swift */,
				55F9DD521E4F7E5700D3955C /* FloatingActionButton.swift */,
				55171A101E4FE0E3005214D0 /* PrimaryButton.swift */,
				55DFEF6C1E4FF03500FDD055 /* LoadingMockButton.swift */,
			);
			name = Buttons;
			sourceTree = "<group>";
		};
		554DCF361E5D10B60069B3A9 /* Visuals */ = {
			isa = PBXGroup;
			children = (
				55BD26F81E50643200F675E5 /* ProgressBar.swift */,
				55DFEF721E50451000FDD055 /* GradientView.swift */,
				55DFEF741E504AAA00FDD055 /* ShadowView.swift */,
			);
			name = Visuals;
			sourceTree = "<group>";
		};
		554DCF371E5D10D40069B3A9 /* Input */ = {
			isa = PBXGroup;
			children = (
				55BD26FA1E51465100F675E5 /* SidewaysSelector.swift */,
				55DFEF701E50355500FDD055 /* Textfield.swift */,
				554C706A1E62BC6E00188919 /* OptionView.swift */,
				554C706C1E62BC8600188919 /* OptionView.xib */,
			);
			name = Input;
			sourceTree = "<group>";
		};
		554DCF381E5D10E50069B3A9 /* Big Picture */ = {
			isa = PBXGroup;
			children = (
				550EE9CA1E5CAA7E005EE830 /* StatsView.swift */,
				550EE9C81E5CAA09005EE830 /* BigPictureView.swift */,
				554DCF391E5D114F0069B3A9 /* StatsView.xib */,
			);
			name = "Big Picture";
			sourceTree = "<group>";
		};
		554DCF3B1E5D30D50069B3A9 /* Package */ = {
			isa = PBXGroup;
			children = (
				554DCF3C1E5D311F0069B3A9 /* PackageCellContent.swift */,
				554DCF3E1E5D312E0069B3A9 /* PackageCellContent.xib */,
			);
			name = Package;
			sourceTree = "<group>";
		};
		555EEB281E5D60AB0025E6FE /* State Card */ = {
			isa = PBXGroup;
			children = (
				555EEB2A1E5D61530025E6FE /* StateCard.swift */,
				555EEB2C1E5D617B0025E6FE /* StateCard.xib */,
			);
			name = "State Card";
			sourceTree = "<group>";
		};
		55BB694E1E5D478E00F5C292 /* Onboard */ = {
			isa = PBXGroup;
			children = (
				55BB694F1E5D47A300F5C292 /* OnboardCard.swift */,
				55BB69511E5D47BB00F5C292 /* OnboardCard.xib */,
				55A7CD721E5D501E00202408 /* OnboardCardsContent.swift */,
			);
			name = Onboard;
			sourceTree = "<group>";
		};
		55BD27041E5164EC00F675E5 /* DataStructures */ = {
			isa = PBXGroup;
			children = (
				55BD27051E51651900F675E5 /* Map.swift */,
				554DCF321E5D0EF90069B3A9 /* Statistics.swift */,
				55DAFE441E5D34E700C5A63B /* Package.swift */,
				553EE81A1E5E7F4600937E72 /* Status.swift */,
			);
			name = DataStructures;
			sourceTree = "<group>";
		};
		55BD27071E5167B800F675E5 /* MapComponents */ = {
			isa = PBXGroup;
			children = (
				55BD26FC1E5146FC00F675E5 /* UnfocusedMapView.swift */,
				55BD27021E5163D800F675E5 /* FocusedMapView.swift */,
				55BD27081E51684D00F675E5 /* TrailMapLine.swift */,
			);
			name = MapComponents;
			sourceTree = "<group>";
		};
		55BD270A1E516EC600F675E5 /* MockData */ = {
			isa = PBXGroup;
			children = (
				55BD270B1E516ED700F675E5 /* MapTrails.swift */,
				55BB694C1E5D3DB300F5C292 /* Packages.swift */,
			);
			name = MockData;
			sourceTree = "<group>";
		};
		8120B26B1E4284F300B6499D = {
			isa = PBXGroup;
			children = (
				8120B2761E4284F300B6499D /* DeliveryTrackingApp */,
				8120B28B1E4284F300B6499D /* DeliveryTrackingAppTests */,
				813376951E42BB600005EB79 /* Supporting Files */,
				27E426CF59B1F876CB12E75E /* Pods */,
				FA948872590B2A80E30E4EE0 /* Frameworks */,
			);
			sourceTree = "<group>";
		};
		8120B2751E4284F300B6499D /* Products */ = {
			isa = PBXGroup;
			children = (
				8120B2741E4284F300B6499D /* DeliveryTrackingApp.app */,
				8120B2881E4284F300B6499D /* DeliveryTrackingAppTests.xctest */,
			);
			name = Products;
			path = ..;
			sourceTree = "<group>";
		};
		8120B2761E4284F300B6499D /* DeliveryTrackingApp */ = {
			isa = PBXGroup;
			children = (
				550840891E4D717E00875860 /* Resources */,
				550840841E4D6E7F00875860 /* Constants */,
				55266CC41E4AD4ED006030DA /* Helper */,
				813376941E42BB370005EB79 /* Models */,
				813376931E42BB2B0005EB79 /* ViewModels */,
				8133768F1E42BAF50005EB79 /* Views */,
			);
			path = DeliveryTrackingApp;
			sourceTree = "<group>";
		};
		8120B28B1E4284F300B6499D /* DeliveryTrackingAppTests */ = {
			isa = PBXGroup;
			children = (
				8133769F1E42C1540005EB79 /* RetrieveEasypostDataTests.swift */,
				81A333AE1E42DFE200219D22 /* InitializeEasypostAPIKeyTests.swift */,
				81A333B41E42F67700219D22 /* ParseEasypostDataTests.swift */,
				8120B28E1E4284F300B6499D /* Info.plist */,
			);
			path = DeliveryTrackingAppTests;
			sourceTree = "<group>";
		};
		8133768F1E42BAF50005EB79 /* Views */ = {
			isa = PBXGroup;
			children = (
				553E55FF1E6203ED004A655E /* Datasources */,
				550840831E4D6E7300875860 /* Components */,
				813376911E42BB070005EB79 /* Controllers */,
				813376901E42BAFC0005EB79 /* Storyboards */,
			);
			name = Views;
			sourceTree = "<group>";
		};
		813376901E42BAFC0005EB79 /* Storyboards */ = {
			isa = PBXGroup;
			children = (
				8120B2801E4284F300B6499D /* LaunchScreen.storyboard */,
				8120B27B1E4284F300B6499D /* Main.storyboard */,
				55F9DD441E4EAA3300D3955C /* ComponentTest.storyboard */,
			);
			name = Storyboards;
			sourceTree = "<group>";
		};
		813376911E42BB070005EB79 /* Controllers */ = {
			isa = PBXGroup;
			children = (
				8120B2791E4284F300B6499D /* ViewController.swift */,
				55F9DD461E4EAA4E00D3955C /* TestViewController.swift */,
				553EE8251E5EB82400937E72 /* Test2ViewController.swift */,
				553E55FD1E6201F7004A655E /* Test3ViewController.swift */,
			);
			name = Controllers;
			sourceTree = "<group>";
		};
		813376931E42BB2B0005EB79 /* ViewModels */ = {
			isa = PBXGroup;
			children = (
				813376961E42BF570005EB79 /* ViewModelReadMe */,
			);
			name = ViewModels;
			sourceTree = "<group>";
		};
		813376941E42BB370005EB79 /* Models */ = {
			isa = PBXGroup;
			children = (
				55BD270A1E516EC600F675E5 /* MockData */,
				55BD27041E5164EC00F675E5 /* DataStructures */,
				813376981E42BF8C0005EB79 /* ModelReadMe */,
				81A333AC1E42DF8600219D22 /* InitializeEasypostAPIKey.swift */,
				81A333B21E42EDA000219D22 /* DateModifier.swift */,
				8133769D1E42C10D0005EB79 /* RetrieveEasypostData.swift */,
				81A333B01E42ED6400219D22 /* ParseEasypostDatat.swift */,
			);
			name = Models;
			sourceTree = "<group>";
		};
		813376951E42BB600005EB79 /* Supporting Files */ = {
			isa = PBXGroup;
			children = (
				F9531E76F4C940576C1DE219 /* Pods */,
				E2169D7B1157A5F59E391C00 /* Frameworks */,
				8120B2771E4284F300B6499D /* AppDelegate.swift */,
				8120B2831E4284F300B6499D /* Info.plist */,
				8120B27E1E4284F300B6499D /* Assets.xcassets */,
				8120B2751E4284F300B6499D /* Products */,
				86499D8F10608B415F62A3B2 /* Pods */,
				99FDA1FB3F13BF7D267ABA53 /* Frameworks */,
			);
			name = "Supporting Files";
			path = DeliveryTrackingApp;
			sourceTree = "<group>";
		};
		86499D8F10608B415F62A3B2 /* Pods */ = {
			isa = PBXGroup;
			children = (
				2C8DA50C70DB146864F65C66 /* Pods-DeliveryTrackingApp.debug.xcconfig */,
				E87089ED73F02F81DED77277 /* Pods-DeliveryTrackingApp.release.xcconfig */,
				15E6F0B5B3D82FE013DF349D /* Pods-DeliveryTrackingAppTests.debug.xcconfig */,
				8DD2E21F26B841E4F45A19A4 /* Pods-DeliveryTrackingAppTests.release.xcconfig */,
			);
			name = Pods;
			path = ..;
			sourceTree = "<group>";
		};
		99FDA1FB3F13BF7D267ABA53 /* Frameworks */ = {
			isa = PBXGroup;
			children = (
				5C39923B5DFD7EABE4044DE4 /* Pods_DeliveryTrackingApp.framework */,
				69DC8715C47A363C5897CB7A /* Pods_DeliveryTrackingAppTests.framework */,
			);
			name = Frameworks;
			path = ..;
			sourceTree = "<group>";
		};
		E2169D7B1157A5F59E391C00 /* Frameworks */ = {
			isa = PBXGroup;
			children = (
				2CED6879A41B2DED5C57E9FB /* Pods_DeliveryTrackingApp.framework */,
				ED1C313C55B5740567E43610 /* Pods_DeliveryTrackingAppTests.framework */,
			);
			name = Frameworks;
			path = ..;
			sourceTree = "<group>";
		};
		F9531E76F4C940576C1DE219 /* Pods */ = {
			isa = PBXGroup;
			children = (
				3452C91076D9B54524DC1032 /* Pods-DeliveryTrackingApp.debug.xcconfig */,
				272E092199DA5EDC3A6AA18A /* Pods-DeliveryTrackingApp.release.xcconfig */,
				64AB75D748992BB0B64C5124 /* Pods-DeliveryTrackingAppTests.debug.xcconfig */,
				793D5186CFF753E0A168068B /* Pods-DeliveryTrackingAppTests.release.xcconfig */,
			);
			name = Pods;
			path = ..;
			sourceTree = "<group>";
		};
		FA948872590B2A80E30E4EE0 /* Frameworks */ = {
			isa = PBXGroup;
			children = (
				09B99F2DB3FEB7BB6A279276 /* Pods_DeliveryTrackingApp.framework */,
				8F4C06185794C19827139D2B /* Pods_DeliveryTrackingAppTests.framework */,
			);
			name = Frameworks;
			sourceTree = "<group>";
		};
/* End PBXGroup section */

/* Begin PBXNativeTarget section */
		8120B2731E4284F300B6499D /* DeliveryTrackingApp */ = {
			isa = PBXNativeTarget;
			buildConfigurationList = 8120B2911E4284F300B6499D /* Build configuration list for PBXNativeTarget "DeliveryTrackingApp" */;
			buildPhases = (
				D32D11592BE155ACCE860757 /* [CP] Check Pods Manifest.lock */,
				8120B2701E4284F300B6499D /* Sources */,
				8120B2711E4284F300B6499D /* Frameworks */,
				8120B2721E4284F300B6499D /* Resources */,
				C17FBF97F77C40605C355667 /* [CP] Embed Pods Frameworks */,
				72055B890D127C9106975AD2 /* [CP] Copy Pods Resources */,
			);
			buildRules = (
			);
			dependencies = (
			);
			name = DeliveryTrackingApp;
			productName = DeliveryTrackingApp;
			productReference = 8120B2741E4284F300B6499D /* DeliveryTrackingApp.app */;
			productType = "com.apple.product-type.application";
		};
		8120B2871E4284F300B6499D /* DeliveryTrackingAppTests */ = {
			isa = PBXNativeTarget;
			buildConfigurationList = 8120B2941E4284F300B6499D /* Build configuration list for PBXNativeTarget "DeliveryTrackingAppTests" */;
			buildPhases = (
				C1BB43D2B7CA710942F9B12A /* [CP] Check Pods Manifest.lock */,
				8120B2841E4284F300B6499D /* Sources */,
				8120B2851E4284F300B6499D /* Frameworks */,
				8120B2861E4284F300B6499D /* Resources */,
				8B7346BEEA2D013EB1E2E432 /* [CP] Embed Pods Frameworks */,
				7E1C9043D22B7EB6EC00A9C5 /* [CP] Copy Pods Resources */,
			);
			buildRules = (
			);
			dependencies = (
				8120B28A1E4284F300B6499D /* PBXTargetDependency */,
			);
			name = DeliveryTrackingAppTests;
			productName = DeliveryTrackingAppTests;
			productReference = 8120B2881E4284F300B6499D /* DeliveryTrackingAppTests.xctest */;
			productType = "com.apple.product-type.bundle.unit-test";
		};
/* End PBXNativeTarget section */

/* Begin PBXProject section */
		8120B26C1E4284F300B6499D /* Project object */ = {
			isa = PBXProject;
			attributes = {
				LastSwiftUpdateCheck = 0820;
				LastUpgradeCheck = 0820;
				ORGANIZATIONNAME = "Download Horizons";
				TargetAttributes = {
					8120B2731E4284F300B6499D = {
						CreatedOnToolsVersion = 8.2.1;
						DevelopmentTeam = APHA6W5N27;
						ProvisioningStyle = Automatic;
					};
					8120B2871E4284F300B6499D = {
						CreatedOnToolsVersion = 8.2.1;
						DevelopmentTeam = LVUDU2WD93;
						LastSwiftMigration = 0820;
						ProvisioningStyle = Automatic;
						TestTargetID = 8120B2731E4284F300B6499D;
					};
				};
			};
			buildConfigurationList = 8120B26F1E4284F300B6499D /* Build configuration list for PBXProject "DeliveryTrackingApp" */;
			compatibilityVersion = "Xcode 3.2";
			developmentRegion = English;
			hasScannedForEncodings = 0;
			knownRegions = (
				en,
				Base,
			);
			mainGroup = 8120B26B1E4284F300B6499D;
			productRefGroup = 8120B2751E4284F300B6499D /* Products */;
			projectDirPath = "";
			projectRoot = "";
			targets = (
				8120B2731E4284F300B6499D /* DeliveryTrackingApp */,
				8120B2871E4284F300B6499D /* DeliveryTrackingAppTests */,
			);
		};
/* End PBXProject section */

/* Begin PBXResourcesBuildPhase section */
		8120B2721E4284F300B6499D /* Resources */ = {
			isa = PBXResourcesBuildPhase;
			buildActionMask = 2147483647;
			files = (
				554DCF3A1E5D114F0069B3A9 /* StatsView.xib in Resources */,
				55BD27011E515D1A00F675E5 /* mapStyle.json in Resources */,
				554C70761E63510100188919 /* TitleGroupContent.xib in Resources */,
				553EE8241E5EB49E00937E72 /* EmptyPackageCell.xib in Resources */,
				553EE82B1E5EB90500937E72 /* PackageTableView.xib in Resources */,
				554C70521E625B5700188919 /* PackageTableViewCell.xib in Resources */,
				554C70651E62B69F00188919 /* TextfieldGroupContent.xib in Resources */,
				8120B2821E4284F300B6499D /* LaunchScreen.storyboard in Resources */,
				554C706D1E62BC8600188919 /* OptionView.xib in Resources */,
				55BB69521E5D47BB00F5C292 /* OnboardCard.xib in Resources */,
				813376971E42BF570005EB79 /* ViewModelReadMe in Resources */,
				55F9DD4A1E4EB48C00D3955C /* Montserrat-Bold.otf in Resources */,
				554DCF3F1E5D312E0069B3A9 /* PackageCellContent.xib in Resources */,
				55F9DD4B1E4EB48F00D3955C /* Montserrat-Regular.otf in Resources */,
				554C70561E62A03E00188919 /* CenterLinkContent.xib in Resources */,
				554C707A1E6354EC00188919 /* TitleGroupWithProgressContent.xib in Resources */,
				554C70671E62BB9E00188919 /* OptionSelectorContent.xib in Resources */,
				8120B27F1E4284F300B6499D /* Assets.xcassets in Resources */,
				813376991E42BF8C0005EB79 /* ModelReadMe in Resources */,
				55F9DD451E4EAA3300D3955C /* ComponentTest.storyboard in Resources */,
				8120B27D1E4284F300B6499D /* Main.storyboard in Resources */,
				554C706F1E62CA0500188919 /* ToggleSelectorContent.xib in Resources */,
				555EEB2D1E5D617B0025E6FE /* StateCard.xib in Resources */,
			);
			runOnlyForDeploymentPostprocessing = 0;
		};
		8120B2861E4284F300B6499D /* Resources */ = {
			isa = PBXResourcesBuildPhase;
			buildActionMask = 2147483647;
			files = (
			);
			runOnlyForDeploymentPostprocessing = 0;
		};
/* End PBXResourcesBuildPhase section */

/* Begin PBXShellScriptBuildPhase section */
		72055B890D127C9106975AD2 /* [CP] Copy Pods Resources */ = {
			isa = PBXShellScriptBuildPhase;
			buildActionMask = 2147483647;
			files = (
			);
			inputPaths = (
			);
			name = "[CP] Copy Pods Resources";
			outputPaths = (
			);
			runOnlyForDeploymentPostprocessing = 0;
			shellPath = /bin/sh;
			shellScript = "\"${SRCROOT}/Pods/Target Support Files/Pods-DeliveryTrackingApp/Pods-DeliveryTrackingApp-resources.sh\"\n";
			showEnvVarsInLog = 0;
		};
		7E1C9043D22B7EB6EC00A9C5 /* [CP] Copy Pods Resources */ = {
			isa = PBXShellScriptBuildPhase;
			buildActionMask = 2147483647;
			files = (
			);
			inputPaths = (
			);
			name = "[CP] Copy Pods Resources";
			outputPaths = (
			);
			runOnlyForDeploymentPostprocessing = 0;
			shellPath = /bin/sh;
			shellScript = "\"${SRCROOT}/Pods/Target Support Files/Pods-DeliveryTrackingAppTests/Pods-DeliveryTrackingAppTests-resources.sh\"\n";
			showEnvVarsInLog = 0;
		};
		8B7346BEEA2D013EB1E2E432 /* [CP] Embed Pods Frameworks */ = {
			isa = PBXShellScriptBuildPhase;
			buildActionMask = 2147483647;
			files = (
			);
			inputPaths = (
			);
			name = "[CP] Embed Pods Frameworks";
			outputPaths = (
			);
			runOnlyForDeploymentPostprocessing = 0;
			shellPath = /bin/sh;
			shellScript = "\"${SRCROOT}/Pods/Target Support Files/Pods-DeliveryTrackingAppTests/Pods-DeliveryTrackingAppTests-frameworks.sh\"\n";
			showEnvVarsInLog = 0;
		};
		C17FBF97F77C40605C355667 /* [CP] Embed Pods Frameworks */ = {
			isa = PBXShellScriptBuildPhase;
			buildActionMask = 2147483647;
			files = (
			);
			inputPaths = (
			);
			name = "[CP] Embed Pods Frameworks";
			outputPaths = (
			);
			runOnlyForDeploymentPostprocessing = 0;
			shellPath = /bin/sh;
			shellScript = "\"${SRCROOT}/Pods/Target Support Files/Pods-DeliveryTrackingApp/Pods-DeliveryTrackingApp-frameworks.sh\"\n";
			showEnvVarsInLog = 0;
		};
		C1BB43D2B7CA710942F9B12A /* [CP] Check Pods Manifest.lock */ = {
			isa = PBXShellScriptBuildPhase;
			buildActionMask = 2147483647;
			files = (
			);
			inputPaths = (
			);
			name = "[CP] Check Pods Manifest.lock";
			outputPaths = (
			);
			runOnlyForDeploymentPostprocessing = 0;
			shellPath = /bin/sh;
			shellScript = "diff \"${PODS_ROOT}/../Podfile.lock\" \"${PODS_ROOT}/Manifest.lock\" > /dev/null\nif [ $? != 0 ] ; then\n    # print error to STDERR\n    echo \"error: The sandbox is not in sync with the Podfile.lock. Run 'pod install' or update your CocoaPods installation.\" >&2\n    exit 1\nfi\n";
			showEnvVarsInLog = 0;
		};
		D32D11592BE155ACCE860757 /* [CP] Check Pods Manifest.lock */ = {
			isa = PBXShellScriptBuildPhase;
			buildActionMask = 2147483647;
			files = (
			);
			inputPaths = (
			);
			name = "[CP] Check Pods Manifest.lock";
			outputPaths = (
			);
			runOnlyForDeploymentPostprocessing = 0;
			shellPath = /bin/sh;
			shellScript = "diff \"${PODS_ROOT}/../Podfile.lock\" \"${PODS_ROOT}/Manifest.lock\" > /dev/null\nif [ $? != 0 ] ; then\n    # print error to STDERR\n    echo \"error: The sandbox is not in sync with the Podfile.lock. Run 'pod install' or update your CocoaPods installation.\" >&2\n    exit 1\nfi\n";
			showEnvVarsInLog = 0;
		};
/* End PBXShellScriptBuildPhase section */

/* Begin PBXSourcesBuildPhase section */
		8120B2701E4284F300B6499D /* Sources */ = {
			isa = PBXSourcesBuildPhase;
			buildActionMask = 2147483647;
			files = (
				554C706B1E62BC6E00188919 /* OptionView.swift in Sources */,
				55DFEF731E50451000FDD055 /* GradientView.swift in Sources */,
				8120B27A1E4284F300B6499D /* ViewController.swift in Sources */,
				55BD27061E51651900F675E5 /* Map.swift in Sources */,
				55F9DD511E4EEA1300D3955C /* LinkButton.swift in Sources */,
				55DFEF6F1E4FF49B00FDD055 /* SideActionButton.swift in Sources */,
				55DFEF751E504AAA00FDD055 /* ShadowView.swift in Sources */,
				81A333B11E42ED6400219D22 /* ParseEasypostDatat.swift in Sources */,
				8133769E1E42C10D0005EB79 /* RetrieveEasypostData.swift in Sources */,
				550840861E4D6E9400875860 /* UIConstants.swift in Sources */,
				554C70511E625B5700188919 /* PackageTableViewCell.swift in Sources */,
				55A7CD731E5D501E00202408 /* OnboardCardsContent.swift in Sources */,
				55BB69501E5D47A300F5C292 /* OnboardCard.swift in Sources */,
				554C70791E6354EC00188919 /* TitleGroupWithProgressContent.swift in Sources */,
				55DAFE451E5D34E700C5A63B /* Package.swift in Sources */,
				55F9DD4D1E4EE22B00D3955C /* BodyLabel.swift in Sources */,
				55DFEF6D1E4FF03500FDD055 /* LoadingMockButton.swift in Sources */,
				81A333AD1E42DF8600219D22 /* InitializeEasypostAPIKey.swift in Sources */,
				553E55FE1E6201F7004A655E /* Test3ViewController.swift in Sources */,
				553EE8261E5EB82400937E72 /* Test2ViewController.swift in Sources */,
				554DCF331E5D0EF90069B3A9 /* Statistics.swift in Sources */,
				55F9DD491E4EAAE500D3955C /* CaptionLabel.swift in Sources */,
				554C70741E6350E200188919 /* TitleGroupContent.swift in Sources */,
				553EE81B1E5E7F4600937E72 /* Status.swift in Sources */,
				553225621E63CB6900EF9832 /* ClearNavigationItem.swift in Sources */,
				81A333B31E42EDA000219D22 /* DateModifier.swift in Sources */,
				55BD26F91E50643200F675E5 /* ProgressBar.swift in Sources */,
				550EE9C91E5CAA09005EE830 /* BigPictureView.swift in Sources */,
				55F9DD531E4F7E5700D3955C /* FloatingActionButton.swift in Sources */,
				55BD27031E5163D800F675E5 /* FocusedMapView.swift in Sources */,
				8120B2781E4284F300B6499D /* AppDelegate.swift in Sources */,
				55DFEF711E50355500FDD055 /* Textfield.swift in Sources */,
				554C70541E62A02F00188919 /* CenterLinkContent.swift in Sources */,
				55BD27091E51684D00F675E5 /* TrailMapLine.swift in Sources */,
				55BD26FD1E5146FC00F675E5 /* UnfocusedMapView.swift in Sources */,
				553EE8231E5EB49E00937E72 /* EmptyPackageCell.swift in Sources */,
				55F9DD4F1E4EE2CB00D3955C /* TitleLabel.swift in Sources */,
				553E56031E6208FD004A655E /* ListTableView.swift in Sources */,
				55171A111E4FE0E3005214D0 /* PrimaryButton.swift in Sources */,
				55BD270C1E516ED700F675E5 /* MapTrails.swift in Sources */,
				554DCF3D1E5D311F0069B3A9 /* PackageCellContent.swift in Sources */,
				554C70631E62B68900188919 /* TextfieldGroupContent.swift in Sources */,
				553EE8291E5EB8F900937E72 /* PackageTableView.swift in Sources */,
				55BB694D1E5D3DB300F5C292 /* Packages.swift in Sources */,
				55BD26FF1E5148F200F675E5 /* APIConstants.swift in Sources */,
				550EE9CB1E5CAA7E005EE830 /* StatsView.swift in Sources */,
				55BD26FB1E51465100F675E5 /* SidewaysSelector.swift in Sources */,
				554C70691E62BBB200188919 /* OptionSelectorContent.swift in Sources */,
				55F9DD471E4EAA4E00D3955C /* TestViewController.swift in Sources */,
				554C70711E62CA2800188919 /* ToggleSelectorContent.swift in Sources */,
				555EEB2B1E5D61530025E6FE /* StateCard.swift in Sources */,
				553225641E63CCBD00EF9832 /* ClearNavigationBar.swift in Sources */,
				553E56011E620480004A655E /* TestDataSource.swift in Sources */,
				550840881E4D701600875860 /* UIHelper.swift in Sources */,
			);
			runOnlyForDeploymentPostprocessing = 0;
		};
		8120B2841E4284F300B6499D /* Sources */ = {
			isa = PBXSourcesBuildPhase;
			buildActionMask = 2147483647;
			files = (
				81A333AF1E42DFE200219D22 /* InitializeEasypostAPIKeyTests.swift in Sources */,
				813376A01E42C1540005EB79 /* RetrieveEasypostDataTests.swift in Sources */,
				81A333B51E42F67700219D22 /* ParseEasypostDataTests.swift in Sources */,
			);
			runOnlyForDeploymentPostprocessing = 0;
		};
/* End PBXSourcesBuildPhase section */

/* Begin PBXTargetDependency section */
		8120B28A1E4284F300B6499D /* PBXTargetDependency */ = {
			isa = PBXTargetDependency;
			target = 8120B2731E4284F300B6499D /* DeliveryTrackingApp */;
			targetProxy = 8120B2891E4284F300B6499D /* PBXContainerItemProxy */;
		};
/* End PBXTargetDependency section */

/* Begin PBXVariantGroup section */
		8120B27B1E4284F300B6499D /* Main.storyboard */ = {
			isa = PBXVariantGroup;
			children = (
				8120B27C1E4284F300B6499D /* Base */,
			);
			name = Main.storyboard;
			sourceTree = "<group>";
		};
		8120B2801E4284F300B6499D /* LaunchScreen.storyboard */ = {
			isa = PBXVariantGroup;
			children = (
				8120B2811E4284F300B6499D /* Base */,
			);
			name = LaunchScreen.storyboard;
			sourceTree = "<group>";
		};
/* End PBXVariantGroup section */

/* Begin XCBuildConfiguration section */
		8120B28F1E4284F300B6499D /* Debug */ = {
			isa = XCBuildConfiguration;
			buildSettings = {
				ALWAYS_SEARCH_USER_PATHS = NO;
				CLANG_ANALYZER_NONNULL = YES;
				CLANG_CXX_LANGUAGE_STANDARD = "gnu++0x";
				CLANG_CXX_LIBRARY = "libc++";
				CLANG_ENABLE_MODULES = YES;
				CLANG_ENABLE_OBJC_ARC = YES;
				CLANG_WARN_BOOL_CONVERSION = YES;
				CLANG_WARN_CONSTANT_CONVERSION = YES;
				CLANG_WARN_DIRECT_OBJC_ISA_USAGE = YES_ERROR;
				CLANG_WARN_DOCUMENTATION_COMMENTS = YES;
				CLANG_WARN_EMPTY_BODY = YES;
				CLANG_WARN_ENUM_CONVERSION = YES;
				CLANG_WARN_INFINITE_RECURSION = YES;
				CLANG_WARN_INT_CONVERSION = YES;
				CLANG_WARN_OBJC_ROOT_CLASS = YES_ERROR;
				CLANG_WARN_SUSPICIOUS_MOVE = YES;
				CLANG_WARN_UNREACHABLE_CODE = YES;
				CLANG_WARN__DUPLICATE_METHOD_MATCH = YES;
				"CODE_SIGN_IDENTITY[sdk=iphoneos*]" = "iPhone Developer";
				COPY_PHASE_STRIP = NO;
				DEBUG_INFORMATION_FORMAT = dwarf;
				ENABLE_STRICT_OBJC_MSGSEND = YES;
				ENABLE_TESTABILITY = YES;
				GCC_C_LANGUAGE_STANDARD = gnu99;
				GCC_DYNAMIC_NO_PIC = NO;
				GCC_NO_COMMON_BLOCKS = YES;
				GCC_OPTIMIZATION_LEVEL = 0;
				GCC_PREPROCESSOR_DEFINITIONS = (
					"DEBUG=1",
					"$(inherited)",
				);
				GCC_WARN_64_TO_32_BIT_CONVERSION = YES;
				GCC_WARN_ABOUT_RETURN_TYPE = YES_ERROR;
				GCC_WARN_UNDECLARED_SELECTOR = YES;
				GCC_WARN_UNINITIALIZED_AUTOS = YES_AGGRESSIVE;
				GCC_WARN_UNUSED_FUNCTION = YES;
				GCC_WARN_UNUSED_VARIABLE = YES;
				IPHONEOS_DEPLOYMENT_TARGET = 10.2;
				MTL_ENABLE_DEBUG_INFO = YES;
				ONLY_ACTIVE_ARCH = YES;
				SDKROOT = iphoneos;
				SWIFT_ACTIVE_COMPILATION_CONDITIONS = DEBUG;
				SWIFT_OPTIMIZATION_LEVEL = "-Onone";
				TARGETED_DEVICE_FAMILY = "1,2";
			};
			name = Debug;
		};
		8120B2901E4284F300B6499D /* Release */ = {
			isa = XCBuildConfiguration;
			buildSettings = {
				ALWAYS_SEARCH_USER_PATHS = NO;
				CLANG_ANALYZER_NONNULL = YES;
				CLANG_CXX_LANGUAGE_STANDARD = "gnu++0x";
				CLANG_CXX_LIBRARY = "libc++";
				CLANG_ENABLE_MODULES = YES;
				CLANG_ENABLE_OBJC_ARC = YES;
				CLANG_WARN_BOOL_CONVERSION = YES;
				CLANG_WARN_CONSTANT_CONVERSION = YES;
				CLANG_WARN_DIRECT_OBJC_ISA_USAGE = YES_ERROR;
				CLANG_WARN_DOCUMENTATION_COMMENTS = YES;
				CLANG_WARN_EMPTY_BODY = YES;
				CLANG_WARN_ENUM_CONVERSION = YES;
				CLANG_WARN_INFINITE_RECURSION = YES;
				CLANG_WARN_INT_CONVERSION = YES;
				CLANG_WARN_OBJC_ROOT_CLASS = YES_ERROR;
				CLANG_WARN_SUSPICIOUS_MOVE = YES;
				CLANG_WARN_UNREACHABLE_CODE = YES;
				CLANG_WARN__DUPLICATE_METHOD_MATCH = YES;
				"CODE_SIGN_IDENTITY[sdk=iphoneos*]" = "iPhone Developer";
				COPY_PHASE_STRIP = NO;
				DEBUG_INFORMATION_FORMAT = "dwarf-with-dsym";
				ENABLE_NS_ASSERTIONS = NO;
				ENABLE_STRICT_OBJC_MSGSEND = YES;
				GCC_C_LANGUAGE_STANDARD = gnu99;
				GCC_NO_COMMON_BLOCKS = YES;
				GCC_WARN_64_TO_32_BIT_CONVERSION = YES;
				GCC_WARN_ABOUT_RETURN_TYPE = YES_ERROR;
				GCC_WARN_UNDECLARED_SELECTOR = YES;
				GCC_WARN_UNINITIALIZED_AUTOS = YES_AGGRESSIVE;
				GCC_WARN_UNUSED_FUNCTION = YES;
				GCC_WARN_UNUSED_VARIABLE = YES;
				IPHONEOS_DEPLOYMENT_TARGET = 10.2;
				MTL_ENABLE_DEBUG_INFO = NO;
				SDKROOT = iphoneos;
				SWIFT_OPTIMIZATION_LEVEL = "-Owholemodule";
				TARGETED_DEVICE_FAMILY = "1,2";
				VALIDATE_PRODUCT = YES;
			};
			name = Release;
		};
		8120B2921E4284F300B6499D /* Debug */ = {
			isa = XCBuildConfiguration;
			baseConfigurationReference = 2C8DA50C70DB146864F65C66 /* Pods-DeliveryTrackingApp.debug.xcconfig */;
			buildSettings = {
				ASSETCATALOG_COMPILER_APPICON_NAME = AppIcon;
				DEVELOPMENT_TEAM = APHA6W5N27;
				INFOPLIST_FILE = DeliveryTrackingApp/Info.plist;
				LD_RUNPATH_SEARCH_PATHS = "$(inherited) @executable_path/Frameworks";
				PRODUCT_BUNDLE_IDENTIFIER = "Download-Horizons.DeliveryTrackingApp";
				PRODUCT_NAME = "$(TARGET_NAME)";
				SWIFT_VERSION = 3.0;
			};
			name = Debug;
		};
		8120B2931E4284F300B6499D /* Release */ = {
			isa = XCBuildConfiguration;
			baseConfigurationReference = E87089ED73F02F81DED77277 /* Pods-DeliveryTrackingApp.release.xcconfig */;
			buildSettings = {
				ASSETCATALOG_COMPILER_APPICON_NAME = AppIcon;
				DEVELOPMENT_TEAM = APHA6W5N27;
				INFOPLIST_FILE = DeliveryTrackingApp/Info.plist;
				LD_RUNPATH_SEARCH_PATHS = "$(inherited) @executable_path/Frameworks";
				PRODUCT_BUNDLE_IDENTIFIER = "Download-Horizons.DeliveryTrackingApp";
				PRODUCT_NAME = "$(TARGET_NAME)";
				SWIFT_VERSION = 3.0;
			};
			name = Release;
		};
		8120B2951E4284F300B6499D /* Debug */ = {
			isa = XCBuildConfiguration;
			baseConfigurationReference = 15E6F0B5B3D82FE013DF349D /* Pods-DeliveryTrackingAppTests.debug.xcconfig */;
			buildSettings = {
				ALWAYS_EMBED_SWIFT_STANDARD_LIBRARIES = YES;
				BUNDLE_LOADER = "$(TEST_HOST)";
				CLANG_ENABLE_MODULES = YES;
				DEVELOPMENT_TEAM = LVUDU2WD93;
				INFOPLIST_FILE = DeliveryTrackingAppTests/Info.plist;
				LD_RUNPATH_SEARCH_PATHS = "$(inherited) @executable_path/Frameworks @loader_path/Frameworks";
				PRODUCT_BUNDLE_IDENTIFIER = "Download-Horizons.DeliveryTrackingAppTests";
				PRODUCT_NAME = "$(TARGET_NAME)";
				SWIFT_OPTIMIZATION_LEVEL = "-Onone";
				SWIFT_VERSION = 3.0;
				TEST_HOST = "$(BUILT_PRODUCTS_DIR)/DeliveryTrackingApp.app/DeliveryTrackingApp";
			};
			name = Debug;
		};
		8120B2961E4284F300B6499D /* Release */ = {
			isa = XCBuildConfiguration;
			baseConfigurationReference = 8DD2E21F26B841E4F45A19A4 /* Pods-DeliveryTrackingAppTests.release.xcconfig */;
			buildSettings = {
				ALWAYS_EMBED_SWIFT_STANDARD_LIBRARIES = YES;
				BUNDLE_LOADER = "$(TEST_HOST)";
				CLANG_ENABLE_MODULES = YES;
				DEVELOPMENT_TEAM = LVUDU2WD93;
				INFOPLIST_FILE = DeliveryTrackingAppTests/Info.plist;
				LD_RUNPATH_SEARCH_PATHS = "$(inherited) @executable_path/Frameworks @loader_path/Frameworks";
				PRODUCT_BUNDLE_IDENTIFIER = "Download-Horizons.DeliveryTrackingAppTests";
				PRODUCT_NAME = "$(TARGET_NAME)";
				SWIFT_VERSION = 3.0;
				TEST_HOST = "$(BUILT_PRODUCTS_DIR)/DeliveryTrackingApp.app/DeliveryTrackingApp";
			};
			name = Release;
		};
/* End XCBuildConfiguration section */

/* Begin XCConfigurationList section */
		8120B26F1E4284F300B6499D /* Build configuration list for PBXProject "DeliveryTrackingApp" */ = {
			isa = XCConfigurationList;
			buildConfigurations = (
				8120B28F1E4284F300B6499D /* Debug */,
				8120B2901E4284F300B6499D /* Release */,
			);
			defaultConfigurationIsVisible = 0;
			defaultConfigurationName = Release;
		};
		8120B2911E4284F300B6499D /* Build configuration list for PBXNativeTarget "DeliveryTrackingApp" */ = {
			isa = XCConfigurationList;
			buildConfigurations = (
				8120B2921E4284F300B6499D /* Debug */,
				8120B2931E4284F300B6499D /* Release */,
			);
			defaultConfigurationIsVisible = 0;
			defaultConfigurationName = Release;
		};
		8120B2941E4284F300B6499D /* Build configuration list for PBXNativeTarget "DeliveryTrackingAppTests" */ = {
			isa = XCConfigurationList;
			buildConfigurations = (
				8120B2951E4284F300B6499D /* Debug */,
				8120B2961E4284F300B6499D /* Release */,
			);
			defaultConfigurationIsVisible = 0;
			defaultConfigurationName = Release;
		};
/* End XCConfigurationList section */
	};
	rootObject = 8120B26C1E4284F300B6499D /* Project object */;
}
